
Microsoft Visual Studio Solution File, Format Version 12.00
# Visual Studio Version 17
VisualStudioVersion = 17.11.35219.272
MinimumVisualStudioVersion = 10.0.40219.1
Project("{9A19103F-16F7-4668-BE54-9A1E7A4F7556}") = "login", "login.csproj", "{876D16C1-185B-4371-A8C1-E04477D471C2}"
EndProject
Project("{9A19103F-16F7-4668-BE54-9A1E7A4F7556}") = "API-VotoTotal", "..\APIs\API-VotoTotal\API-VotoTotal.csproj", "{80D0C5F1-B25B-491F-A75C-A92DAC5766E2}"
EndProject
Project("{9A19103F-16F7-4668-BE54-9A1E7A4F7556}") = "Papeleta", "..\APIs\ApiPapeleta\Papeleta.csproj", "{08764AD6-056D-4536-80CD-CB8205E9D39D}"
EndProject
Global
	GlobalSection(SolutionConfigurationPlatforms) = preSolution
		Debug|Any CPU = Debug|Any CPU
		Release|Any CPU = Release|Any CPU
	EndGlobalSection
	GlobalSection(ProjectConfigurationPlatforms) = postSolution
		{876D16C1-185B-4371-A8C1-E04477D471C2}.Debug|Any CPU.ActiveCfg = Debug|Any CPU
		{876D16C1-185B-4371-A8C1-E04477D471C2}.Debug|Any CPU.Build.0 = Debug|Any CPU
		{876D16C1-185B-4371-A8C1-E04477D471C2}.Release|Any CPU.ActiveCfg = Release|Any CPU
		{876D16C1-185B-4371-A8C1-E04477D471C2}.Release|Any CPU.Build.0 = Release|Any CPU
		{80D0C5F1-B25B-491F-A75C-A92DAC5766E2}.Debug|Any CPU.ActiveCfg = Debug|Any CPU
		{80D0C5F1-B25B-491F-A75C-A92DAC5766E2}.Debug|Any CPU.Build.0 = Debug|Any CPU
		{80D0C5F1-B25B-491F-A75C-A92DAC5766E2}.Release|Any CPU.ActiveCfg = Release|Any CPU
		{80D0C5F1-B25B-491F-A75C-A92DAC5766E2}.Release|Any CPU.Build.0 = Release|Any CPU
		{08764AD6-056D-4536-80CD-CB8205E9D39D}.Debug|Any CPU.ActiveCfg = Debug|Any CPU
		{08764AD6-056D-4536-80CD-CB8205E9D39D}.Debug|Any CPU.Build.0 = Debug|Any CPU
		{08764AD6-056D-4536-80CD-CB8205E9D39D}.Release|Any CPU.ActiveCfg = Release|Any CPU
		{08764AD6-056D-4536-80CD-CB8205E9D39D}.Release|Any CPU.Build.0 = Release|Any CPU
	EndGlobalSection
	GlobalSection(SolutionProperties) = preSolution
		HideSolutionNode = FALSE
	EndGlobalSection
	GlobalSection(ExtensibilityGlobals) = postSolution
		SolutionGuid = {158214F8-FE96-467D-BD37-2128C1A06C32}
	EndGlobalSection
EndGlobal
